{
  "version": 4,
  "terraform_version": "1.1.4",
  "serial": 14,
  "lineage": "a2518da1-e30e-577b-1c82-46fa46f20f50",
  "outputs": {},
  "resources": [
    {
      "module": "module.bq_module",
      "mode": "managed",
      "type": "google_bigquery_dataset",
      "name": "bq_dataset",
      "provider": "provider[\"registry.terraform.io/hashicorp/google\"]",
      "instances": [
        {
          "index_key": "audit_shared_dataset",
          "schema_version": 0,
          "attributes": {
            "access": [
              {
                "domain": "",
                "group_by_email": "",
                "role": "OWNER",
                "special_group": "",
                "user_by_email": "sreza4@ford.com",
                "view": []
              }
            ],
            "creation_time": 1644429011690,
            "dataset_id": "audit_shared_dataset",
            "default_encryption_configuration": [],
            "default_partition_expiration_ms": 0,
            "default_table_expiration_ms": 0,
            "delete_contents_on_destroy": false,
            "description": "",
            "etag": "Gr4GGApPXp62igj3tcXXrA==",
            "friendly_name": "dataset for uam team",
            "id": "projects/prj-dfaccessprovision-d-64a9/datasets/audit_shared_dataset",
            "labels": {},
            "last_modified_time": 1644429011690,
            "location": "US",
            "project": "prj-dfaccessprovision-d-64a9",
            "self_link": "https://bigquery.googleapis.com/bigquery/v2/projects/prj-dfaccessprovision-d-64a9/datasets/audit_shared_dataset",
            "timeouts": null
          },
          "sensitive_attributes": [],
          "private": "eyJlMmJmYjczMC1lY2FhLTExZTYtOGY4OC0zNDM2M2JjN2M0YzAiOnsiY3JlYXRlIjoyNDAwMDAwMDAwMDAsImRlbGV0ZSI6MjQwMDAwMDAwMDAwLCJ1cGRhdGUiOjI0MDAwMDAwMDAwMH19"
        },
        {
          "index_key": "bq_access_provisioning_ds_ahmedtesting",
          "schema_version": 0,
          "attributes": {
            "access": [
              {
                "domain": "",
                "group_by_email": "",
                "role": "OWNER",
                "special_group": "",
                "user_by_email": "sreza4@ford.com",
                "view": []
              }
            ],
            "creation_time": 1644428142382,
            "dataset_id": "bq_access_provisioning_ds_ahmedtesting",
            "default_encryption_configuration": [],
            "default_partition_expiration_ms": 0,
            "default_table_expiration_ms": 0,
            "delete_contents_on_destroy": false,
            "description": "",
            "etag": "J9JYRrvudQbEd5AQkhhRTw==",
            "friendly_name": "dataset for AMP access provision",
            "id": "projects/prj-dfaccessprovision-d-64a9/datasets/bq_access_provisioning_ds_ahmedtesting",
            "labels": {},
            "last_modified_time": 1644428142382,
            "location": "US",
            "project": "prj-dfaccessprovision-d-64a9",
            "self_link": "https://bigquery.googleapis.com/bigquery/v2/projects/prj-dfaccessprovision-d-64a9/datasets/bq_access_provisioning_ds_ahmedtesting",
            "timeouts": null
          },
          "sensitive_attributes": [],
          "private": "eyJlMmJmYjczMC1lY2FhLTExZTYtOGY4OC0zNDM2M2JjN2M0YzAiOnsiY3JlYXRlIjoyNDAwMDAwMDAwMDAsImRlbGV0ZSI6MjQwMDAwMDAwMDAwLCJ1cGRhdGUiOjI0MDAwMDAwMDAwMH19"
        }
      ]
    },
    {
      "module": "module.bq_module",
      "mode": "managed",
      "type": "google_bigquery_table",
      "name": "bq_table",
      "provider": "provider[\"registry.terraform.io/hashicorp/google\"]",
      "instances": [
        {
          "index_key": "enduser_request_details_tb",
          "schema_version": 0,
          "attributes": {
            "clustering": [
              "request_id"
            ],
            "creation_time": 1644428353750,
            "dataset_id": "bq_access_provisioning_ds_ahmedtesting",
            "deletion_protection": false,
            "description": "",
            "encryption_configuration": [],
            "etag": "oDrJ4uOwwO4RURTFeKy86A==",
            "expiration_time": 0,
            "external_data_configuration": [],
            "friendly_name": "enduser_request_details_tb",
            "id": "projects/prj-dfaccessprovision-d-64a9/datasets/bq_access_provisioning_ds_ahmedtesting/tables/enduser_request_details_tb",
            "labels": {
              "billable": "false",
              "env": "development"
            },
            "last_modified_time": 1644428353783,
            "location": "US",
            "materialized_view": [],
            "num_bytes": 0,
            "num_long_term_bytes": 0,
            "num_rows": 0,
            "project": "prj-dfaccessprovision-d-64a9",
            "range_partitioning": [],
            "schema": "[{\"description\":\"RequestId\",\"mode\":\"REQUIRED\",\"name\":\"request_id\",\"type\":\"STRING\"},{\"description\":\"UserId\",\"mode\":\"REQUIRED\",\"name\":\"user_id\",\"type\":\"STRING\"},{\"description\":\"Source\",\"mode\":\"REQUIRED\",\"name\":\"source\",\"type\":\"STRING\"},{\"description\":\"parentView\",\"mode\":\"NULLABLE\",\"name\":\"parent_view\",\"type\":\"STRING\"},{\"description\":\"userAuthorizedView\",\"mode\":\"NULLABLE\",\"name\":\"user_authorized_view\",\"type\":\"STRING\"},{\"description\":\"Status\",\"mode\":\"NULLABLE\",\"name\":\"status\",\"type\":\"STRING\"},{\"description\":\"CreateTimestamp\",\"mode\":\"NULLABLE\",\"name\":\"create_timestamp\",\"type\":\"TIMESTAMP\"},{\"description\":\"LastupdateTimestamp\",\"mode\":\"NULLABLE\",\"name\":\"lastupdate_timestamp\",\"type\":\"TIMESTAMP\"},{\"description\":\"ErrorMessage\",\"mode\":\"NULLABLE\",\"name\":\"error_message\",\"type\":\"STRING\"}]",
            "self_link": "https://bigquery.googleapis.com/bigquery/v2/projects/prj-dfaccessprovision-d-64a9/datasets/bq_access_provisioning_ds_ahmedtesting/tables/enduser_request_details_tb",
            "table_id": "enduser_request_details_tb",
            "time_partitioning": [
              {
                "expiration_ms": 0,
                "field": "",
                "require_partition_filter": false,
                "type": "DAY"
              }
            ],
            "type": "TABLE",
            "view": []
          },
          "sensitive_attributes": [],
          "private": "bnVsbA==",
          "dependencies": [
            "module.bq_module.google_bigquery_dataset.bq_dataset"
          ]
        },
        {
          "index_key": "enduser_request_tb",
          "schema_version": 0,
          "attributes": {
            "clustering": [
              "request_id"
            ],
            "creation_time": 1644428353756,
            "dataset_id": "bq_access_provisioning_ds_ahmedtesting",
            "deletion_protection": false,
            "description": "",
            "encryption_configuration": [],
            "etag": "/vhPQFzx8NFVe3LNzZH33Q==",
            "expiration_time": 0,
            "external_data_configuration": [],
            "friendly_name": "enduser_request_tb",
            "id": "projects/prj-dfaccessprovision-d-64a9/datasets/bq_access_provisioning_ds_ahmedtesting/tables/enduser_request_tb",
            "labels": {
              "billable": "false",
              "env": "development"
            },
            "last_modified_time": 1644428353794,
            "location": "US",
            "materialized_view": [],
            "num_bytes": 0,
            "num_long_term_bytes": 0,
            "num_rows": 0,
            "project": "prj-dfaccessprovision-d-64a9",
            "range_partitioning": [],
            "schema": "[{\"description\":\"RequestId\",\"mode\":\"REQUIRED\",\"name\":\"request_id\",\"type\":\"STRING\"},{\"description\":\"UserId\",\"mode\":\"REQUIRED\",\"name\":\"user_id\",\"type\":\"STRING\"},{\"description\":\"Source\",\"mode\":\"REQUIRED\",\"name\":\"source\",\"type\":\"STRING\"},{\"description\":\"Action\",\"mode\":\"REQUIRED\",\"name\":\"action\",\"type\":\"STRING\"},{\"description\":\"RequestPayload\",\"mode\":\"NULLABLE\",\"name\":\"request_payload\",\"type\":\"STRING\"},{\"description\":\"RequestStatus\",\"mode\":\"NULLABLE\",\"name\":\"request_status\",\"type\":\"STRING\"},{\"description\":\"RequestState\",\"mode\":\"NULLABLE\",\"name\":\"request_state\",\"type\":\"STRING\"},{\"description\":\"ErrorCode\",\"mode\":\"NULLABLE\",\"name\":\"error_code\",\"type\":\"STRING\"},{\"description\":\"ErrorMessage\",\"mode\":\"NULLABLE\",\"name\":\"error_message\",\"type\":\"STRING\"},{\"description\":\"RequestApprovedTimestamp\",\"mode\":\"NULLABLE\",\"name\":\"request_approved_timestamp\",\"type\":\"TIMESTAMP\"},{\"description\":\"RequestReceivedTimestamp\",\"mode\":\"NULLABLE\",\"name\":\"request_received_timestamp\",\"type\":\"TIMESTAMP\"},{\"description\":\"ActiveState\",\"mode\":\"NULLABLE\",\"name\":\"active_state\",\"type\":\"BOOLEAN\"},{\"description\":\"CreateTimestamp\",\"mode\":\"NULLABLE\",\"name\":\"create_timestamp\",\"type\":\"TIMESTAMP\"},{\"description\":\"LastupdateTimestamp\",\"mode\":\"NULLABLE\",\"name\":\"lastupdate_timestamp\",\"type\":\"TIMESTAMP\"}]",
            "self_link": "https://bigquery.googleapis.com/bigquery/v2/projects/prj-dfaccessprovision-d-64a9/datasets/bq_access_provisioning_ds_ahmedtesting/tables/enduser_request_tb",
            "table_id": "enduser_request_tb",
            "time_partitioning": [
              {
                "expiration_ms": 0,
                "field": "",
                "require_partition_filter": false,
                "type": "DAY"
              }
            ],
            "type": "TABLE",
            "view": []
          },
          "sensitive_attributes": [],
          "private": "bnVsbA==",
          "dependencies": [
            "module.bq_module.google_bigquery_dataset.bq_dataset"
          ]
        }
      ]
    },
    {
      "module": "module.bq_module",
      "mode": "managed",
      "type": "google_bigquery_table",
      "name": "bq_view",
      "provider": "provider[\"registry.terraform.io/hashicorp/google\"]",
      "instances": [
        {
          "index_key": "test_view_1",
          "schema_version": 0,
          "attributes": {
            "clustering": null,
            "creation_time": 1644429933754,
            "dataset_id": "audit_shared_dataset",
            "deletion_protection": false,
            "description": "",
            "encryption_configuration": [],
            "etag": "2YIJBrhthU26mJ3Sfgtr0A==",
            "expiration_time": 0,
            "external_data_configuration": [],
            "friendly_name": "test_view_1",
            "id": "projects/prj-dfaccessprovision-d-64a9/datasets/audit_shared_dataset/tables/test_view_1",
            "labels": {
              "billable": "false",
              "env": "sandbox",
              "owner": "ahmed"
            },
            "last_modified_time": 1644429933840,
            "location": "US",
            "materialized_view": [],
            "num_bytes": 0,
            "num_long_term_bytes": 0,
            "num_rows": 0,
            "project": "prj-dfaccessprovision-d-64a9",
            "range_partitioning": [],
            "schema": "[{\"mode\":\"NULLABLE\",\"name\":\"request_id\",\"type\":\"STRING\"},{\"mode\":\"NULLABLE\",\"name\":\"user_id\",\"type\":\"STRING\"},{\"mode\":\"NULLABLE\",\"name\":\"source\",\"type\":\"STRING\"},{\"mode\":\"NULLABLE\",\"name\":\"parent_view\",\"type\":\"STRING\"},{\"mode\":\"NULLABLE\",\"name\":\"user_authorized_view\",\"type\":\"STRING\"},{\"mode\":\"NULLABLE\",\"name\":\"status\",\"type\":\"STRING\"},{\"mode\":\"NULLABLE\",\"name\":\"create_timestamp\",\"type\":\"TIMESTAMP\"},{\"mode\":\"NULLABLE\",\"name\":\"lastupdate_timestamp\",\"type\":\"TIMESTAMP\"},{\"mode\":\"NULLABLE\",\"name\":\"error_message\",\"type\":\"STRING\"}]",
            "self_link": "https://bigquery.googleapis.com/bigquery/v2/projects/prj-dfaccessprovision-d-64a9/datasets/audit_shared_dataset/tables/test_view_1",
            "table_id": "test_view_1",
            "time_partitioning": [],
            "type": "VIEW",
            "view": [
              {
                "query": "SELECT * FROM `prj-dfaccessprovision-d-64a9.bq_access_provisioning_ds_ahmedtesting.enduser_request_details_tb`",
                "use_legacy_sql": false
              }
            ]
          },
          "sensitive_attributes": [],
          "private": "bnVsbA==",
          "dependencies": [
            "module.bq_module.google_bigquery_table.bq_table"
          ]
        }
      ]
    }
  ]
}
